// !$*UTF8*$!
{
	archiveVersion = 1;
	classes = {
	};
	objectVersion = 55;
	objects = {

/* Begin PBXBuildFile section */
		BD2EAEFC2868858800FE413C /* ProjectTests.swift in Sources */ = {isa = PBXBuildFile; fileRef = BD2EAEFB2868858800FE413C /* ProjectTests.swift */; };
		BD2EAEFE286889C900FE413C /* AwardTests.swift in Sources */ = {isa = PBXBuildFile; fileRef = BD2EAEFD286889C900FE413C /* AwardTests.swift */; };
		BD2EAF002868DAC500FE413C /* DevelopmentTests.swift in Sources */ = {isa = PBXBuildFile; fileRef = BD2EAEFF2868DAC500FE413C /* DevelopmentTests.swift */; };
		BD68EBF6285F5FF800C48BA5 /* Localizable.strings in Resources */ = {isa = PBXBuildFile; fileRef = BD68EBF8285F5FF800C48BA5 /* Localizable.strings */; };
		BD68EBF9285F5FFD00C48BA5 /* Localizable.stringsdict in Resources */ = {isa = PBXBuildFile; fileRef = BD68EBFB285F5FFD00C48BA5 /* Localizable.stringsdict */; };
		BD69483428707763008B5E98 /* DecodableDictionary.json in Resources */ = {isa = PBXBuildFile; fileRef = BD69483328707763008B5E98 /* DecodableDictionary.json */; };
		BD694836287077F8008B5E98 /* DecodableString.json in Resources */ = {isa = PBXBuildFile; fileRef = BD694835287077F8008B5E98 /* DecodableString.json */; };
		BD6948382870858E008B5E98 /* ProjectsViewModel.swift in Sources */ = {isa = PBXBuildFile; fileRef = BD6948372870858E008B5E98 /* ProjectsViewModel.swift */; };
		BD6C19112847E1DF000B1E6B /* Binding-OnChange.swift in Sources */ = {isa = PBXBuildFile; fileRef = BD6C19102847E1DF000B1E6B /* Binding-OnChange.swift */; };
		BD9324132867ABF400909CE2 /* UltimatePortfolioTests.swift in Sources */ = {isa = PBXBuildFile; fileRef = BD9324122867ABF400909CE2 /* UltimatePortfolioTests.swift */; };
		BD93241A2867AEC300909CE2 /* AssetTests.swift in Sources */ = {isa = PBXBuildFile; fileRef = BD9324192867AEC300909CE2 /* AssetTests.swift */; };
		BD93534828351B030095E4AF /* HomeView.swift in Sources */ = {isa = PBXBuildFile; fileRef = BD93534728351B030095E4AF /* HomeView.swift */; };
		BD93534A28351D370095E4AF /* ProjectsView.swift in Sources */ = {isa = PBXBuildFile; fileRef = BD93534928351D370095E4AF /* ProjectsView.swift */; };
		BD93534C283576060095E4AF /* Item-CoreDataHelpers.swift in Sources */ = {isa = PBXBuildFile; fileRef = BD93534B283576060095E4AF /* Item-CoreDataHelpers.swift */; };
		BD93534E283577E30095E4AF /* Project-CoreDataHelpers.swift in Sources */ = {isa = PBXBuildFile; fileRef = BD93534D283577E30095E4AF /* Project-CoreDataHelpers.swift */; };
		BD946F682864B08D00DB4AF7 /* ItemListView.swift in Sources */ = {isa = PBXBuildFile; fileRef = BD946F672864B08D00DB4AF7 /* ItemListView.swift */; };
		BD946F6A2864B1B600DB4AF7 /* ProjectSummaryView.swift in Sources */ = {isa = PBXBuildFile; fileRef = BD946F692864B1B600DB4AF7 /* ProjectSummaryView.swift */; };
		BDAAAE1B284CA2F40065B641 /* ProjectHeaderView.swift in Sources */ = {isa = PBXBuildFile; fileRef = BDAAAE1A284CA2F40065B641 /* ProjectHeaderView.swift */; };
		BDAAAE1D284CA93A0065B641 /* Colors.xcassets in Resources */ = {isa = PBXBuildFile; fileRef = BDAAAE1C284CA93A0065B641 /* Colors.xcassets */; };
		BDAAAE1F284CDEC60065B641 /* EditProjectView.swift in Sources */ = {isa = PBXBuildFile; fileRef = BDAAAE1E284CDEC60065B641 /* EditProjectView.swift */; };
		BDAD95EB2857899800F97E72 /* SelectSomethingView.swift in Sources */ = {isa = PBXBuildFile; fileRef = BDAD95EA2857899800F97E72 /* SelectSomethingView.swift */; };
		BDAD95ED2857A92300F97E72 /* Bundle-Decodable.swift in Sources */ = {isa = PBXBuildFile; fileRef = BDAD95EC2857A92300F97E72 /* Bundle-Decodable.swift */; };
		BDAD95EF2857AF3000F97E72 /* Awards.json in Resources */ = {isa = PBXBuildFile; fileRef = BDAD95EE2857AF3000F97E72 /* Awards.json */; };
		BDAD95F12857B01000F97E72 /* Award.swift in Sources */ = {isa = PBXBuildFile; fileRef = BDAD95F02857B01000F97E72 /* Award.swift */; };
		BDAD95F32857B18C00F97E72 /* AwardsView.swift in Sources */ = {isa = PBXBuildFile; fileRef = BDAD95F22857B18C00F97E72 /* AwardsView.swift */; };
		BDAD95F52859CADF00F97E72 /* Color-Additions.swift in Sources */ = {isa = PBXBuildFile; fileRef = BDAD95F42859CADF00F97E72 /* Color-Additions.swift */; };
		BDB751F92869A1260003292F /* ExtensionTests.swift in Sources */ = {isa = PBXBuildFile; fileRef = BDB751F82869A1260003292F /* ExtensionTests.swift */; };
		BDB751FB2869A39C0003292F /* Sequence-Sorting.swift in Sources */ = {isa = PBXBuildFile; fileRef = BDB751FA2869A39C0003292F /* Sequence-Sorting.swift */; };
		BDB7F227287362A300219D39 /* ItemRowViewModel.swift in Sources */ = {isa = PBXBuildFile; fileRef = BDB7F226287362A300219D39 /* ItemRowViewModel.swift */; };
		BDD04BF3287190F1002A45CC /* HomeViewModel.swift in Sources */ = {isa = PBXBuildFile; fileRef = BDD04BF2287190F1002A45CC /* HomeViewModel.swift */; };
		BDD5EDB42834299A0007F52C /* UltimatePortfolioApp.swift in Sources */ = {isa = PBXBuildFile; fileRef = BDD5EDB32834299A0007F52C /* UltimatePortfolioApp.swift */; };
		BDD5EDB62834299A0007F52C /* ContentView.swift in Sources */ = {isa = PBXBuildFile; fileRef = BDD5EDB52834299A0007F52C /* ContentView.swift */; };
		BDD5EDB82834299A0007F52C /* Assets.xcassets in Resources */ = {isa = PBXBuildFile; fileRef = BDD5EDB72834299A0007F52C /* Assets.xcassets */; };
		BDD5EDBB2834299A0007F52C /* Preview Assets.xcassets in Resources */ = {isa = PBXBuildFile; fileRef = BDD5EDBA2834299A0007F52C /* Preview Assets.xcassets */; };
		BDD5EDC328342EDA0007F52C /* Main.xcdatamodeld in Sources */ = {isa = PBXBuildFile; fileRef = BDD5EDC128342EDA0007F52C /* Main.xcdatamodeld */; };
		BDD5EDC52834333A0007F52C /* DataController.swift in Sources */ = {isa = PBXBuildFile; fileRef = BDD5EDC42834333A0007F52C /* DataController.swift */; };
		BDF63ACB28421E5400898D04 /* EditItemView.swift in Sources */ = {isa = PBXBuildFile; fileRef = BDF63ACA28421E5400898D04 /* EditItemView.swift */; };
		BDF63ACD2843AC4D00898D04 /* ItemRowView.swift in Sources */ = {isa = PBXBuildFile; fileRef = BDF63ACC2843AC4D00898D04 /* ItemRowView.swift */; };
/* End PBXBuildFile section */

/* Begin PBXContainerItemProxy section */
		BD9324142867ABF400909CE2 /* PBXContainerItemProxy */ = {
			isa = PBXContainerItemProxy;
			containerPortal = BDD5EDA82834299A0007F52C /* Project object */;
			proxyType = 1;
			remoteGlobalIDString = BDD5EDAF2834299A0007F52C;
			remoteInfo = UltimatePortfolio;
		};
/* End PBXContainerItemProxy section */

/* Begin PBXFileReference section */
		BD2EAEFB2868858800FE413C /* ProjectTests.swift */ = {isa = PBXFileReference; lastKnownFileType = sourcecode.swift; path = ProjectTests.swift; sourceTree = "<group>"; };
		BD2EAEFD286889C900FE413C /* AwardTests.swift */ = {isa = PBXFileReference; lastKnownFileType = sourcecode.swift; path = AwardTests.swift; sourceTree = "<group>"; };
		BD2EAEFF2868DAC500FE413C /* DevelopmentTests.swift */ = {isa = PBXFileReference; lastKnownFileType = sourcecode.swift; path = DevelopmentTests.swift; sourceTree = "<group>"; };
		BD68EBF7285F5FF800C48BA5 /* en */ = {isa = PBXFileReference; lastKnownFileType = text.plist.strings; name = en; path = en.lproj/Localizable.strings; sourceTree = "<group>"; };
		BD68EBFA285F5FFD00C48BA5 /* en */ = {isa = PBXFileReference; lastKnownFileType = text.plist.stringsdict; name = en; path = en.lproj/Localizable.stringsdict; sourceTree = "<group>"; };
		BD68EBFC285F600100C48BA5 /* hu */ = {isa = PBXFileReference; lastKnownFileType = text.plist.strings; name = hu; path = hu.lproj/Localizable.strings; sourceTree = "<group>"; };
		BD68EBFD285F600700C48BA5 /* hu */ = {isa = PBXFileReference; lastKnownFileType = text.plist.stringsdict; name = hu; path = hu.lproj/Localizable.stringsdict; sourceTree = "<group>"; };
		BD69483328707763008B5E98 /* DecodableDictionary.json */ = {isa = PBXFileReference; lastKnownFileType = text.json; path = DecodableDictionary.json; sourceTree = "<group>"; };
		BD694835287077F8008B5E98 /* DecodableString.json */ = {isa = PBXFileReference; lastKnownFileType = text.json; path = DecodableString.json; sourceTree = "<group>"; };
		BD6948372870858E008B5E98 /* ProjectsViewModel.swift */ = {isa = PBXFileReference; lastKnownFileType = sourcecode.swift; path = ProjectsViewModel.swift; sourceTree = "<group>"; };
		BD6C19102847E1DF000B1E6B /* Binding-OnChange.swift */ = {isa = PBXFileReference; lastKnownFileType = sourcecode.swift; path = "Binding-OnChange.swift"; sourceTree = "<group>"; };
		BD9324102867ABF400909CE2 /* UltimatePortfolioTests.xctest */ = {isa = PBXFileReference; explicitFileType = wrapper.cfbundle; includeInIndex = 0; path = UltimatePortfolioTests.xctest; sourceTree = BUILT_PRODUCTS_DIR; };
		BD9324122867ABF400909CE2 /* UltimatePortfolioTests.swift */ = {isa = PBXFileReference; lastKnownFileType = sourcecode.swift; path = UltimatePortfolioTests.swift; sourceTree = "<group>"; };
		BD9324192867AEC300909CE2 /* AssetTests.swift */ = {isa = PBXFileReference; lastKnownFileType = sourcecode.swift; path = AssetTests.swift; sourceTree = "<group>"; };
		BD93534628351A160095E4AF /* Info.plist */ = {isa = PBXFileReference; lastKnownFileType = text.plist.xml; path = Info.plist; sourceTree = "<group>"; };
		BD93534728351B030095E4AF /* HomeView.swift */ = {isa = PBXFileReference; lastKnownFileType = sourcecode.swift; path = HomeView.swift; sourceTree = "<group>"; };
		BD93534928351D370095E4AF /* ProjectsView.swift */ = {isa = PBXFileReference; lastKnownFileType = sourcecode.swift; path = ProjectsView.swift; sourceTree = "<group>"; };
		BD93534B283576060095E4AF /* Item-CoreDataHelpers.swift */ = {isa = PBXFileReference; lastKnownFileType = sourcecode.swift; path = "Item-CoreDataHelpers.swift"; sourceTree = "<group>"; };
		BD93534D283577E30095E4AF /* Project-CoreDataHelpers.swift */ = {isa = PBXFileReference; lastKnownFileType = sourcecode.swift; path = "Project-CoreDataHelpers.swift"; sourceTree = "<group>"; };
		BD946F672864B08D00DB4AF7 /* ItemListView.swift */ = {isa = PBXFileReference; lastKnownFileType = sourcecode.swift; path = ItemListView.swift; sourceTree = "<group>"; };
		BD946F692864B1B600DB4AF7 /* ProjectSummaryView.swift */ = {isa = PBXFileReference; lastKnownFileType = sourcecode.swift; path = ProjectSummaryView.swift; sourceTree = "<group>"; };
		BDAAAE1A284CA2F40065B641 /* ProjectHeaderView.swift */ = {isa = PBXFileReference; lastKnownFileType = sourcecode.swift; path = ProjectHeaderView.swift; sourceTree = "<group>"; };
		BDAAAE1C284CA93A0065B641 /* Colors.xcassets */ = {isa = PBXFileReference; lastKnownFileType = folder.assetcatalog; path = Colors.xcassets; sourceTree = "<group>"; };
		BDAAAE1E284CDEC60065B641 /* EditProjectView.swift */ = {isa = PBXFileReference; lastKnownFileType = sourcecode.swift; path = EditProjectView.swift; sourceTree = "<group>"; };
		BDAD95EA2857899800F97E72 /* SelectSomethingView.swift */ = {isa = PBXFileReference; lastKnownFileType = sourcecode.swift; path = SelectSomethingView.swift; sourceTree = "<group>"; };
		BDAD95EC2857A92300F97E72 /* Bundle-Decodable.swift */ = {isa = PBXFileReference; lastKnownFileType = sourcecode.swift; path = "Bundle-Decodable.swift"; sourceTree = "<group>"; };
		BDAD95EE2857AF3000F97E72 /* Awards.json */ = {isa = PBXFileReference; fileEncoding = 4; lastKnownFileType = text.json; path = Awards.json; sourceTree = "<group>"; };
		BDAD95F02857B01000F97E72 /* Award.swift */ = {isa = PBXFileReference; lastKnownFileType = sourcecode.swift; path = Award.swift; sourceTree = "<group>"; };
		BDAD95F22857B18C00F97E72 /* AwardsView.swift */ = {isa = PBXFileReference; lastKnownFileType = sourcecode.swift; path = AwardsView.swift; sourceTree = "<group>"; };
		BDAD95F42859CADF00F97E72 /* Color-Additions.swift */ = {isa = PBXFileReference; lastKnownFileType = sourcecode.swift; path = "Color-Additions.swift"; sourceTree = "<group>"; };
		BDB751F82869A1260003292F /* ExtensionTests.swift */ = {isa = PBXFileReference; lastKnownFileType = sourcecode.swift; path = ExtensionTests.swift; sourceTree = "<group>"; };
		BDB751FA2869A39C0003292F /* Sequence-Sorting.swift */ = {isa = PBXFileReference; lastKnownFileType = sourcecode.swift; path = "Sequence-Sorting.swift"; sourceTree = "<group>"; };
		BDB7F226287362A300219D39 /* ItemRowViewModel.swift */ = {isa = PBXFileReference; lastKnownFileType = sourcecode.swift; path = ItemRowViewModel.swift; sourceTree = "<group>"; };
		BDD04BF2287190F1002A45CC /* HomeViewModel.swift */ = {isa = PBXFileReference; lastKnownFileType = sourcecode.swift; path = HomeViewModel.swift; sourceTree = "<group>"; };
		BDD5EDB02834299A0007F52C /* UltimatePortfolio.app */ = {isa = PBXFileReference; explicitFileType = wrapper.application; includeInIndex = 0; path = UltimatePortfolio.app; sourceTree = BUILT_PRODUCTS_DIR; };
		BDD5EDB32834299A0007F52C /* UltimatePortfolioApp.swift */ = {isa = PBXFileReference; lastKnownFileType = sourcecode.swift; path = UltimatePortfolioApp.swift; sourceTree = "<group>"; };
		BDD5EDB52834299A0007F52C /* ContentView.swift */ = {isa = PBXFileReference; lastKnownFileType = sourcecode.swift; path = ContentView.swift; sourceTree = "<group>"; };
		BDD5EDB72834299A0007F52C /* Assets.xcassets */ = {isa = PBXFileReference; lastKnownFileType = folder.assetcatalog; path = Assets.xcassets; sourceTree = "<group>"; };
		BDD5EDBA2834299A0007F52C /* Preview Assets.xcassets */ = {isa = PBXFileReference; lastKnownFileType = folder.assetcatalog; path = "Preview Assets.xcassets"; sourceTree = "<group>"; };
		BDD5EDC228342EDA0007F52C /* Main.xcdatamodel */ = {isa = PBXFileReference; lastKnownFileType = wrapper.xcdatamodel; path = Main.xcdatamodel; sourceTree = "<group>"; };
		BDD5EDC42834333A0007F52C /* DataController.swift */ = {isa = PBXFileReference; lastKnownFileType = sourcecode.swift; path = DataController.swift; sourceTree = "<group>"; };
		BDF63ACA28421E5400898D04 /* EditItemView.swift */ = {isa = PBXFileReference; lastKnownFileType = sourcecode.swift; path = EditItemView.swift; sourceTree = "<group>"; };
		BDF63ACC2843AC4D00898D04 /* ItemRowView.swift */ = {isa = PBXFileReference; lastKnownFileType = sourcecode.swift; path = ItemRowView.swift; sourceTree = "<group>"; };
/* End PBXFileReference section */

/* Begin PBXFrameworksBuildPhase section */
		BD93240D2867ABF400909CE2 /* Frameworks */ = {
			isa = PBXFrameworksBuildPhase;
			buildActionMask = 2147483647;
			files = (
			);
			runOnlyForDeploymentPostprocessing = 0;
		};
		BDD5EDAD2834299A0007F52C /* Frameworks */ = {
			isa = PBXFrameworksBuildPhase;
			buildActionMask = 2147483647;
			files = (
			);
			runOnlyForDeploymentPostprocessing = 0;
		};
/* End PBXFrameworksBuildPhase section */

/* Begin PBXGroup section */
		BD694830287076FB008B5E98 /* fixtures */ = {
			isa = PBXGroup;
			children = (
				BD69483328707763008B5E98 /* DecodableDictionary.json */,
				BD694835287077F8008B5E98 /* DecodableString.json */,
			);
			path = fixtures;
			sourceTree = "<group>";
		};
		BD932405286745B600909CE2 /* Activities */ = {
			isa = PBXGroup;
			children = (
				BD93240B2867466C00909CE2 /* Awards */,
				BD93240A2867466400909CE2 /* Projects */,
				BD9324092867465E00909CE2 /* Home */,
			);
			path = Activities;
			sourceTree = "<group>";
		};
		BD932406286745CE00909CE2 /* Extensions */ = {
			isa = PBXGroup;
			children = (
				BD6C19102847E1DF000B1E6B /* Binding-OnChange.swift */,
				BDAD95EC2857A92300F97E72 /* Bundle-Decodable.swift */,
				BDAD95F42859CADF00F97E72 /* Color-Additions.swift */,
				BD93534D283577E30095E4AF /* Project-CoreDataHelpers.swift */,
				BD93534B283576060095E4AF /* Item-CoreDataHelpers.swift */,
				BDB751FA2869A39C0003292F /* Sequence-Sorting.swift */,
			);
			path = Extensions;
			sourceTree = "<group>";
		};
		BD9324072867463E00909CE2 /* Localization */ = {
			isa = PBXGroup;
			children = (
				BD68EBF8285F5FF800C48BA5 /* Localizable.strings */,
				BD68EBFB285F5FFD00C48BA5 /* Localizable.stringsdict */,
			);
			path = Localization;
			sourceTree = "<group>";
		};
		BD9324082867464C00909CE2 /* Configuration */ = {
			isa = PBXGroup;
			children = (
				BDD5EDC128342EDA0007F52C /* Main.xcdatamodeld */,
				BD93534628351A160095E4AF /* Info.plist */,
			);
			path = Configuration;
			sourceTree = "<group>";
		};
		BD9324092867465E00909CE2 /* Home */ = {
			isa = PBXGroup;
			children = (
				BD946F692864B1B600DB4AF7 /* ProjectSummaryView.swift */,
				BD946F672864B08D00DB4AF7 /* ItemListView.swift */,
				BD93534728351B030095E4AF /* HomeView.swift */,
				BDD04BF2287190F1002A45CC /* HomeViewModel.swift */,
			);
			path = Home;
			sourceTree = "<group>";
		};
		BD93240A2867466400909CE2 /* Projects */ = {
			isa = PBXGroup;
			children = (
				BDAAAE1E284CDEC60065B641 /* EditProjectView.swift */,
				BDAAAE1A284CA2F40065B641 /* ProjectHeaderView.swift */,
				BDF63ACA28421E5400898D04 /* EditItemView.swift */,
				BDAD95EA2857899800F97E72 /* SelectSomethingView.swift */,
				BD93534928351D370095E4AF /* ProjectsView.swift */,
				BDF63ACC2843AC4D00898D04 /* ItemRowView.swift */,
				BD6948372870858E008B5E98 /* ProjectsViewModel.swift */,
				BDB7F226287362A300219D39 /* ItemRowViewModel.swift */,
			);
			path = Projects;
			sourceTree = "<group>";
		};
		BD93240B2867466C00909CE2 /* Awards */ = {
			isa = PBXGroup;
			children = (
				BDAD95F02857B01000F97E72 /* Award.swift */,
				BDAD95F22857B18C00F97E72 /* AwardsView.swift */,
				BDAD95EE2857AF3000F97E72 /* Awards.json */,
			);
			path = Awards;
			sourceTree = "<group>";
		};
		BD9324112867ABF400909CE2 /* UltimatePortfolioTests */ = {
			isa = PBXGroup;
			children = (
				BD694830287076FB008B5E98 /* fixtures */,
				BD9324122867ABF400909CE2 /* UltimatePortfolioTests.swift */,
				BD9324192867AEC300909CE2 /* AssetTests.swift */,
				BD2EAEFB2868858800FE413C /* ProjectTests.swift */,
				BD2EAEFD286889C900FE413C /* AwardTests.swift */,
				BD2EAEFF2868DAC500FE413C /* DevelopmentTests.swift */,
				BDB751F82869A1260003292F /* ExtensionTests.swift */,
			);
			path = UltimatePortfolioTests;
			sourceTree = "<group>";
		};
		BDD5EDA72834299A0007F52C = {
			isa = PBXGroup;
			children = (
				BDD5EDB22834299A0007F52C /* UltimatePortfolio */,
				BD9324112867ABF400909CE2 /* UltimatePortfolioTests */,
				BDD5EDB12834299A0007F52C /* Products */,
			);
			sourceTree = "<group>";
		};
		BDD5EDB12834299A0007F52C /* Products */ = {
			isa = PBXGroup;
			children = (
				BDD5EDB02834299A0007F52C /* UltimatePortfolio.app */,
				BD9324102867ABF400909CE2 /* UltimatePortfolioTests.xctest */,
			);
			name = Products;
			sourceTree = "<group>";
		};
		BDD5EDB22834299A0007F52C /* UltimatePortfolio */ = {
			isa = PBXGroup;
			children = (
				BDD5EDB92834299A0007F52C /* Preview Content */,
				BD9324082867464C00909CE2 /* Configuration */,
				BD9324072867463E00909CE2 /* Localization */,
				BD932406286745CE00909CE2 /* Extensions */,
				BD932405286745B600909CE2 /* Activities */,
				BDD5EDB32834299A0007F52C /* UltimatePortfolioApp.swift */,
				BDD5EDB52834299A0007F52C /* ContentView.swift */,
				BDD5EDC42834333A0007F52C /* DataController.swift */,
				BDD5EDB72834299A0007F52C /* Assets.xcassets */,
				BDAAAE1C284CA93A0065B641 /* Colors.xcassets */,
			);
			path = UltimatePortfolio;
			sourceTree = "<group>";
		};
		BDD5EDB92834299A0007F52C /* Preview Content */ = {
			isa = PBXGroup;
			children = (
				BDD5EDBA2834299A0007F52C /* Preview Assets.xcassets */,
			);
			path = "Preview Content";
			sourceTree = "<group>";
		};
/* End PBXGroup section */

/* Begin PBXNativeTarget section */
		BD93240F2867ABF400909CE2 /* UltimatePortfolioTests */ = {
			isa = PBXNativeTarget;
			buildConfigurationList = BD9324162867ABF400909CE2 /* Build configuration list for PBXNativeTarget "UltimatePortfolioTests" */;
			buildPhases = (
				BD93240C2867ABF400909CE2 /* Sources */,
				BD93240D2867ABF400909CE2 /* Frameworks */,
				BD93240E2867ABF400909CE2 /* Resources */,
			);
			buildRules = (
			);
			dependencies = (
				BD9324152867ABF400909CE2 /* PBXTargetDependency */,
			);
			name = UltimatePortfolioTests;
			productName = UltimatePortfolioTests;
			productReference = BD9324102867ABF400909CE2 /* UltimatePortfolioTests.xctest */;
			productType = "com.apple.product-type.bundle.unit-test";
		};
		BDD5EDAF2834299A0007F52C /* UltimatePortfolio */ = {
			isa = PBXNativeTarget;
			buildConfigurationList = BDD5EDBE2834299A0007F52C /* Build configuration list for PBXNativeTarget "UltimatePortfolio" */;
			buildPhases = (
				BDD5EDAC2834299A0007F52C /* Sources */,
				BDD5EDC62834371D0007F52C /* ShellScript */,
				BDD5EDAD2834299A0007F52C /* Frameworks */,
				BDD5EDAE2834299A0007F52C /* Resources */,
			);
			buildRules = (
			);
			dependencies = (
			);
			name = UltimatePortfolio;
			productName = UltimatePortfolio;
			productReference = BDD5EDB02834299A0007F52C /* UltimatePortfolio.app */;
			productType = "com.apple.product-type.application";
		};
/* End PBXNativeTarget section */

/* Begin PBXProject section */
		BDD5EDA82834299A0007F52C /* Project object */ = {
			isa = PBXProject;
			attributes = {
				BuildIndependentTargetsInParallel = 1;
				LastSwiftUpdateCheck = 1400;
				LastUpgradeCheck = 1400;
				TargetAttributes = {
					BD93240F2867ABF400909CE2 = {
						CreatedOnToolsVersion = 14.0;
						TestTargetID = BDD5EDAF2834299A0007F52C;
					};
					BDD5EDAF2834299A0007F52C = {
						CreatedOnToolsVersion = 13.2.1;
					};
				};
			};
			buildConfigurationList = BDD5EDAB2834299A0007F52C /* Build configuration list for PBXProject "UltimatePortfolio" */;
			compatibilityVersion = "Xcode 13.0";
			developmentRegion = en;
			hasScannedForEncodings = 0;
			knownRegions = (
				en,
				Base,
				hu,
			);
			mainGroup = BDD5EDA72834299A0007F52C;
			productRefGroup = BDD5EDB12834299A0007F52C /* Products */;
			projectDirPath = "";
			projectRoot = "";
			targets = (
				BDD5EDAF2834299A0007F52C /* UltimatePortfolio */,
				BD93240F2867ABF400909CE2 /* UltimatePortfolioTests */,
			);
		};
/* End PBXProject section */

/* Begin PBXResourcesBuildPhase section */
		BD93240E2867ABF400909CE2 /* Resources */ = {
			isa = PBXResourcesBuildPhase;
			buildActionMask = 2147483647;
			files = (
				BD694836287077F8008B5E98 /* DecodableString.json in Resources */,
				BD69483428707763008B5E98 /* DecodableDictionary.json in Resources */,
			);
			runOnlyForDeploymentPostprocessing = 0;
		};
		BDD5EDAE2834299A0007F52C /* Resources */ = {
			isa = PBXResourcesBuildPhase;
			buildActionMask = 2147483647;
			files = (
				BD68EBF6285F5FF800C48BA5 /* Localizable.strings in Resources */,
				BDAAAE1D284CA93A0065B641 /* Colors.xcassets in Resources */,
				BDAD95EF2857AF3000F97E72 /* Awards.json in Resources */,
				BDD5EDBB2834299A0007F52C /* Preview Assets.xcassets in Resources */,
				BDD5EDB82834299A0007F52C /* Assets.xcassets in Resources */,
				BD68EBF9285F5FFD00C48BA5 /* Localizable.stringsdict in Resources */,
			);
			runOnlyForDeploymentPostprocessing = 0;
		};
/* End PBXResourcesBuildPhase section */

/* Begin PBXShellScriptBuildPhase section */
		BDD5EDC62834371D0007F52C /* ShellScript */ = {
			isa = PBXShellScriptBuildPhase;
			alwaysOutOfDate = 1;
			buildActionMask = 2147483647;
			files = (
			);
			inputFileListPaths = (
			);
			inputPaths = (
			);
			outputFileListPaths = (
			);
			outputPaths = (
			);
			runOnlyForDeploymentPostprocessing = 0;
			shellPath = /bin/sh;
			shellScript = "export PATH=\"$PATH:/opt/homebrew/bin\"\nif which swiftlint > /dev/null; then\n  swiftlint --fix --format && swiftlint\nelse\n  echo \"warning: SwiftLint not installed, download from https://github.com/realm/SwiftLint\"\nfi\n";
		};
/* End PBXShellScriptBuildPhase section */

/* Begin PBXSourcesBuildPhase section */
		BD93240C2867ABF400909CE2 /* Sources */ = {
			isa = PBXSourcesBuildPhase;
			buildActionMask = 2147483647;
			files = (
				BD93241A2867AEC300909CE2 /* AssetTests.swift in Sources */,
				BD2EAEFE286889C900FE413C /* AwardTests.swift in Sources */,
				BD9324132867ABF400909CE2 /* UltimatePortfolioTests.swift in Sources */,
				BDB751F92869A1260003292F /* ExtensionTests.swift in Sources */,
				BD2EAEFC2868858800FE413C /* ProjectTests.swift in Sources */,
				BD2EAF002868DAC500FE413C /* DevelopmentTests.swift in Sources */,
			);
			runOnlyForDeploymentPostprocessing = 0;
		};
		BDD5EDAC2834299A0007F52C /* Sources */ = {
			isa = PBXSourcesBuildPhase;
			buildActionMask = 2147483647;
			files = (
				BD93534A28351D370095E4AF /* ProjectsView.swift in Sources */,
				BDAD95F52859CADF00F97E72 /* Color-Additions.swift in Sources */,
				BDAAAE1B284CA2F40065B641 /* ProjectHeaderView.swift in Sources */,
				BDAD95ED2857A92300F97E72 /* Bundle-Decodable.swift in Sources */,
				BDD5EDC328342EDA0007F52C /* Main.xcdatamodeld in Sources */,
				BDD04BF3287190F1002A45CC /* HomeViewModel.swift in Sources */,
				BD946F682864B08D00DB4AF7 /* ItemListView.swift in Sources */,
				BDAD95EB2857899800F97E72 /* SelectSomethingView.swift in Sources */,
				BDAD95F12857B01000F97E72 /* Award.swift in Sources */,
				BDAD95F32857B18C00F97E72 /* AwardsView.swift in Sources */,
				BDB751FB2869A39C0003292F /* Sequence-Sorting.swift in Sources */,
				BD93534E283577E30095E4AF /* Project-CoreDataHelpers.swift in Sources */,
				BDAAAE1F284CDEC60065B641 /* EditProjectView.swift in Sources */,
				BD946F6A2864B1B600DB4AF7 /* ProjectSummaryView.swift in Sources */,
				BDD5EDC52834333A0007F52C /* DataController.swift in Sources */,
				BDF63ACD2843AC4D00898D04 /* ItemRowView.swift in Sources */,
				BDD5EDB62834299A0007F52C /* ContentView.swift in Sources */,
				BD6C19112847E1DF000B1E6B /* Binding-OnChange.swift in Sources */,
				BD93534828351B030095E4AF /* HomeView.swift in Sources */,
				BDD5EDB42834299A0007F52C /* UltimatePortfolioApp.swift in Sources */,
				BDB7F227287362A300219D39 /* ItemRowViewModel.swift in Sources */,
				BD93534C283576060095E4AF /* Item-CoreDataHelpers.swift in Sources */,
				BD6948382870858E008B5E98 /* ProjectsViewModel.swift in Sources */,
				BDF63ACB28421E5400898D04 /* EditItemView.swift in Sources */,
			);
			runOnlyForDeploymentPostprocessing = 0;
		};
/* End PBXSourcesBuildPhase section */

/* Begin PBXTargetDependency section */
		BD9324152867ABF400909CE2 /* PBXTargetDependency */ = {
			isa = PBXTargetDependency;
			target = BDD5EDAF2834299A0007F52C /* UltimatePortfolio */;
			targetProxy = BD9324142867ABF400909CE2 /* PBXContainerItemProxy */;
		};
/* End PBXTargetDependency section */

/* Begin PBXVariantGroup section */
		BD68EBF8285F5FF800C48BA5 /* Localizable.strings */ = {
			isa = PBXVariantGroup;
			children = (
				BD68EBF7285F5FF800C48BA5 /* en */,
				BD68EBFC285F600100C48BA5 /* hu */,
			);
			name = Localizable.strings;
			sourceTree = "<group>";
		};
		BD68EBFB285F5FFD00C48BA5 /* Localizable.stringsdict */ = {
			isa = PBXVariantGroup;
			children = (
				BD68EBFA285F5FFD00C48BA5 /* en */,
				BD68EBFD285F600700C48BA5 /* hu */,
			);
			name = Localizable.stringsdict;
			sourceTree = "<group>";
		};
/* End PBXVariantGroup section */

/* Begin XCBuildConfiguration section */
		BD9324172867ABF400909CE2 /* Debug */ = {
			isa = XCBuildConfiguration;
			buildSettings = {
				BUNDLE_LOADER = "$(TEST_HOST)";
				CODE_SIGN_STYLE = Automatic;
				CURRENT_PROJECT_VERSION = 1;
				DEVELOPMENT_TEAM = D3RTRG4L32;
				GENERATE_INFOPLIST_FILE = YES;
				IPHONEOS_DEPLOYMENT_TARGET = 16.0;
				MARKETING_VERSION = 1.0;
				PRODUCT_BUNDLE_IDENTIFIER = com.mvdw.UltimatePortfolioTests;
				PRODUCT_NAME = "$(TARGET_NAME)";
				SWIFT_EMIT_LOC_STRINGS = NO;
				SWIFT_VERSION = 5.0;
				TARGETED_DEVICE_FAMILY = "1,2";
				TEST_HOST = "$(BUILT_PRODUCTS_DIR)/UltimatePortfolio.app/$(BUNDLE_EXECUTABLE_FOLDER_PATH)/UltimatePortfolio";
			};
			name = Debug;
		};
		BD9324182867ABF400909CE2 /* Release */ = {
			isa = XCBuildConfiguration;
			buildSettings = {
				BUNDLE_LOADER = "$(TEST_HOST)";
				CODE_SIGN_STYLE = Automatic;
				CURRENT_PROJECT_VERSION = 1;
				DEVELOPMENT_TEAM = D3RTRG4L32;
				GENERATE_INFOPLIST_FILE = YES;
				IPHONEOS_DEPLOYMENT_TARGET = 16.0;
				MARKETING_VERSION = 1.0;
				PRODUCT_BUNDLE_IDENTIFIER = com.mvdw.UltimatePortfolioTests;
				PRODUCT_NAME = "$(TARGET_NAME)";
				SWIFT_EMIT_LOC_STRINGS = NO;
				SWIFT_VERSION = 5.0;
				TARGETED_DEVICE_FAMILY = "1,2";
				TEST_HOST = "$(BUILT_PRODUCTS_DIR)/UltimatePortfolio.app/$(BUNDLE_EXECUTABLE_FOLDER_PATH)/UltimatePortfolio";
			};
			name = Release;
		};
		BDD5EDBC2834299A0007F52C /* Debug */ = {
			isa = XCBuildConfiguration;
			buildSettings = {
				ALWAYS_SEARCH_USER_PATHS = NO;
				CLANG_ANALYZER_LOCALIZABILITY_NONLOCALIZED = YES;
				CLANG_ANALYZER_NONNULL = YES;
				CLANG_ANALYZER_NUMBER_OBJECT_CONVERSION = YES_AGGRESSIVE;
				CLANG_CXX_LANGUAGE_STANDARD = "gnu++17";
				CLANG_CXX_LIBRARY = "libc++";
				CLANG_ENABLE_MODULES = YES;
				CLANG_ENABLE_OBJC_ARC = YES;
				CLANG_ENABLE_OBJC_WEAK = YES;
				CLANG_WARN_BLOCK_CAPTURE_AUTORELEASING = YES;
				CLANG_WARN_BOOL_CONVERSION = YES;
				CLANG_WARN_COMMA = YES;
				CLANG_WARN_CONSTANT_CONVERSION = YES;
				CLANG_WARN_DEPRECATED_OBJC_IMPLEMENTATIONS = YES;
				CLANG_WARN_DIRECT_OBJC_ISA_USAGE = YES_ERROR;
				CLANG_WARN_DOCUMENTATION_COMMENTS = YES;
				CLANG_WARN_EMPTY_BODY = YES;
				CLANG_WARN_ENUM_CONVERSION = YES;
				CLANG_WARN_INFINITE_RECURSION = YES;
				CLANG_WARN_INT_CONVERSION = YES;
				CLANG_WARN_NON_LITERAL_NULL_CONVERSION = YES;
				CLANG_WARN_OBJC_IMPLICIT_RETAIN_SELF = YES;
				CLANG_WARN_OBJC_LITERAL_CONVERSION = YES;
				CLANG_WARN_OBJC_ROOT_CLASS = YES_ERROR;
				CLANG_WARN_QUOTED_INCLUDE_IN_FRAMEWORK_HEADER = YES;
				CLANG_WARN_RANGE_LOOP_ANALYSIS = YES;
				CLANG_WARN_STRICT_PROTOTYPES = YES;
				CLANG_WARN_SUSPICIOUS_MOVE = YES;
				CLANG_WARN_UNGUARDED_AVAILABILITY = YES_AGGRESSIVE;
				CLANG_WARN_UNREACHABLE_CODE = YES;
				CLANG_WARN__DUPLICATE_METHOD_MATCH = YES;
				COPY_PHASE_STRIP = NO;
				DEBUG_INFORMATION_FORMAT = dwarf;
				ENABLE_STRICT_OBJC_MSGSEND = YES;
				ENABLE_TESTABILITY = YES;
				GCC_C_LANGUAGE_STANDARD = gnu11;
				GCC_DYNAMIC_NO_PIC = NO;
				GCC_NO_COMMON_BLOCKS = YES;
				GCC_OPTIMIZATION_LEVEL = 0;
				GCC_PREPROCESSOR_DEFINITIONS = (
					"DEBUG=1",
					"$(inherited)",
				);
				GCC_WARN_64_TO_32_BIT_CONVERSION = YES;
				GCC_WARN_ABOUT_RETURN_TYPE = YES_ERROR;
				GCC_WARN_UNDECLARED_SELECTOR = YES;
				GCC_WARN_UNINITIALIZED_AUTOS = YES_AGGRESSIVE;
				GCC_WARN_UNUSED_FUNCTION = YES;
				GCC_WARN_UNUSED_VARIABLE = YES;
				IPHONEOS_DEPLOYMENT_TARGET = 15.2;
				MTL_ENABLE_DEBUG_INFO = INCLUDE_SOURCE;
				MTL_FAST_MATH = YES;
				ONLY_ACTIVE_ARCH = YES;
				SDKROOT = iphoneos;
				SWIFT_ACTIVE_COMPILATION_CONDITIONS = DEBUG;
				SWIFT_OPTIMIZATION_LEVEL = "-Onone";
			};
			name = Debug;
		};
		BDD5EDBD2834299A0007F52C /* Release */ = {
			isa = XCBuildConfiguration;
			buildSettings = {
				ALWAYS_SEARCH_USER_PATHS = NO;
				CLANG_ANALYZER_LOCALIZABILITY_NONLOCALIZED = YES;
				CLANG_ANALYZER_NONNULL = YES;
				CLANG_ANALYZER_NUMBER_OBJECT_CONVERSION = YES_AGGRESSIVE;
				CLANG_CXX_LANGUAGE_STANDARD = "gnu++17";
				CLANG_CXX_LIBRARY = "libc++";
				CLANG_ENABLE_MODULES = YES;
				CLANG_ENABLE_OBJC_ARC = YES;
				CLANG_ENABLE_OBJC_WEAK = YES;
				CLANG_WARN_BLOCK_CAPTURE_AUTORELEASING = YES;
				CLANG_WARN_BOOL_CONVERSION = YES;
				CLANG_WARN_COMMA = YES;
				CLANG_WARN_CONSTANT_CONVERSION = YES;
				CLANG_WARN_DEPRECATED_OBJC_IMPLEMENTATIONS = YES;
				CLANG_WARN_DIRECT_OBJC_ISA_USAGE = YES_ERROR;
				CLANG_WARN_DOCUMENTATION_COMMENTS = YES;
				CLANG_WARN_EMPTY_BODY = YES;
				CLANG_WARN_ENUM_CONVERSION = YES;
				CLANG_WARN_INFINITE_RECURSION = YES;
				CLANG_WARN_INT_CONVERSION = YES;
				CLANG_WARN_NON_LITERAL_NULL_CONVERSION = YES;
				CLANG_WARN_OBJC_IMPLICIT_RETAIN_SELF = YES;
				CLANG_WARN_OBJC_LITERAL_CONVERSION = YES;
				CLANG_WARN_OBJC_ROOT_CLASS = YES_ERROR;
				CLANG_WARN_QUOTED_INCLUDE_IN_FRAMEWORK_HEADER = YES;
				CLANG_WARN_RANGE_LOOP_ANALYSIS = YES;
				CLANG_WARN_STRICT_PROTOTYPES = YES;
				CLANG_WARN_SUSPICIOUS_MOVE = YES;
				CLANG_WARN_UNGUARDED_AVAILABILITY = YES_AGGRESSIVE;
				CLANG_WARN_UNREACHABLE_CODE = YES;
				CLANG_WARN__DUPLICATE_METHOD_MATCH = YES;
				COPY_PHASE_STRIP = NO;
				DEBUG_INFORMATION_FORMAT = "dwarf-with-dsym";
				ENABLE_NS_ASSERTIONS = NO;
				ENABLE_STRICT_OBJC_MSGSEND = YES;
				GCC_C_LANGUAGE_STANDARD = gnu11;
				GCC_NO_COMMON_BLOCKS = YES;
				GCC_WARN_64_TO_32_BIT_CONVERSION = YES;
				GCC_WARN_ABOUT_RETURN_TYPE = YES_ERROR;
				GCC_WARN_UNDECLARED_SELECTOR = YES;
				GCC_WARN_UNINITIALIZED_AUTOS = YES_AGGRESSIVE;
				GCC_WARN_UNUSED_FUNCTION = YES;
				GCC_WARN_UNUSED_VARIABLE = YES;
				IPHONEOS_DEPLOYMENT_TARGET = 15.2;
				MTL_ENABLE_DEBUG_INFO = NO;
				MTL_FAST_MATH = YES;
				SDKROOT = iphoneos;
				SWIFT_COMPILATION_MODE = wholemodule;
				SWIFT_OPTIMIZATION_LEVEL = "-O";
				VALIDATE_PRODUCT = YES;
			};
			name = Release;
		};
		BDD5EDBF2834299A0007F52C /* Debug */ = {
			isa = XCBuildConfiguration;
			buildSettings = {
				ASSETCATALOG_COMPILER_APPICON_NAME = AppIcon;
				ASSETCATALOG_COMPILER_GLOBAL_ACCENT_COLOR_NAME = AccentColor;
				CODE_SIGN_IDENTITY = "Apple Development";
				CODE_SIGN_STYLE = Automatic;
				CURRENT_PROJECT_VERSION = 1;
				DEVELOPMENT_ASSET_PATHS = "\"UltimatePortfolio/Preview Content\"";
				DEVELOPMENT_TEAM = XGCDVFRVYU;
				ENABLE_PREVIEWS = YES;
				GENERATE_INFOPLIST_FILE = YES;
				INFOPLIST_FILE = UltimatePortfolio/configuration/Info.plist;
				INFOPLIST_KEY_UIApplicationSceneManifest_Generation = YES;
				INFOPLIST_KEY_UIApplicationSupportsIndirectInputEvents = YES;
				INFOPLIST_KEY_UILaunchScreen_Generation = YES;
				INFOPLIST_KEY_UISupportedInterfaceOrientations_iPad = "UIInterfaceOrientationPortrait UIInterfaceOrientationPortraitUpsideDown UIInterfaceOrientationLandscapeLeft UIInterfaceOrientationLandscapeRight";
				INFOPLIST_KEY_UISupportedInterfaceOrientations_iPhone = "UIInterfaceOrientationPortrait UIInterfaceOrientationLandscapeLeft UIInterfaceOrientationLandscapeRight";
				IPHONEOS_DEPLOYMENT_TARGET = 15.1;
				LD_RUNPATH_SEARCH_PATHS = (
					"$(inherited)",
					"@executable_path/Frameworks",
				);
				MARKETING_VERSION = 1.0;
				PRODUCT_BUNDLE_IDENTIFIER = com.mdvdw.UltimatePortfolio;
				PRODUCT_NAME = "$(TARGET_NAME)";
				PROVISIONING_PROFILE_SPECIFIER = "";
				SWIFT_EMIT_LOC_STRINGS = YES;
				SWIFT_VERSION = 5.0;
				TARGETED_DEVICE_FAMILY = "1,2";
			};
			name = Debug;
		};
		BDD5EDC02834299A0007F52C /* Release */ = {
			isa = XCBuildConfiguration;
			buildSettings = {
				ASSETCATALOG_COMPILER_APPICON_NAME = AppIcon;
				ASSETCATALOG_COMPILER_GLOBAL_ACCENT_COLOR_NAME = AccentColor;
				CODE_SIGN_IDENTITY = "Apple Development";
				CODE_SIGN_STYLE = Automatic;
				CURRENT_PROJECT_VERSION = 1;
				DEVELOPMENT_ASSET_PATHS = "\"UltimatePortfolio/Preview Content\"";
				DEVELOPMENT_TEAM = XGCDVFRVYU;
				ENABLE_PREVIEWS = YES;
				GENERATE_INFOPLIST_FILE = YES;
				INFOPLIST_FILE = UltimatePortfolio/configuration/Info.plist;
				INFOPLIST_KEY_UIApplicationSceneManifest_Generation = YES;
				INFOPLIST_KEY_UIApplicationSupportsIndirectInputEvents = YES;
				INFOPLIST_KEY_UILaunchScreen_Generation = YES;
				INFOPLIST_KEY_UISupportedInterfaceOrientations_iPad = "UIInterfaceOrientationPortrait UIInterfaceOrientationPortraitUpsideDown UIInterfaceOrientationLandscapeLeft UIInterfaceOrientationLandscapeRight";
				INFOPLIST_KEY_UISupportedInterfaceOrientations_iPhone = "UIInterfaceOrientationPortrait UIInterfaceOrientationLandscapeLeft UIInterfaceOrientationLandscapeRight";
				IPHONEOS_DEPLOYMENT_TARGET = 15.1;
				LD_RUNPATH_SEARCH_PATHS = (
					"$(inherited)",
					"@executable_path/Frameworks",
				);
				MARKETING_VERSION = 1.0;
				PRODUCT_BUNDLE_IDENTIFIER = com.mdvdw.UltimatePortfolio;
				PRODUCT_NAME = "$(TARGET_NAME)";
				PROVISIONING_PROFILE_SPECIFIER = "";
				SWIFT_EMIT_LOC_STRINGS = YES;
				SWIFT_VERSION = 5.0;
				TARGETED_DEVICE_FAMILY = "1,2";
			};
			name = Release;
		};
/* End XCBuildConfiguration section */

/* Begin XCConfigurationList section */
		BD9324162867ABF400909CE2 /* Build configuration list for PBXNativeTarget "UltimatePortfolioTests" */ = {
			isa = XCConfigurationList;
			buildConfigurations = (
				BD9324172867ABF400909CE2 /* Debug */,
				BD9324182867ABF400909CE2 /* Release */,
			);
			defaultConfigurationIsVisible = 0;
			defaultConfigurationName = Release;
		};
		BDD5EDAB2834299A0007F52C /* Build configuration list for PBXProject "UltimatePortfolio" */ = {
			isa = XCConfigurationList;
			buildConfigurations = (
				BDD5EDBC2834299A0007F52C /* Debug */,
				BDD5EDBD2834299A0007F52C /* Release */,
			);
			defaultConfigurationIsVisible = 0;
			defaultConfigurationName = Release;
		};
		BDD5EDBE2834299A0007F52C /* Build configuration list for PBXNativeTarget "UltimatePortfolio" */ = {
			isa = XCConfigurationList;
			buildConfigurations = (
				BDD5EDBF2834299A0007F52C /* Debug */,
				BDD5EDC02834299A0007F52C /* Release */,
			);
			defaultConfigurationIsVisible = 0;
			defaultConfigurationName = Release;
		};
/* End XCConfigurationList section */

/* Begin XCVersionGroup section */
		BDD5EDC128342EDA0007F52C /* Main.xcdatamodeld */ = {
			isa = XCVersionGroup;
			children = (
				BDD5EDC228342EDA0007F52C /* Main.xcdatamodel */,
			);
			currentVersion = BDD5EDC228342EDA0007F52C /* Main.xcdatamodel */;
			path = Main.xcdatamodeld;
			sourceTree = "<group>";
			versionGroupType = wrapper.xcdatamodel;
		};
/* End XCVersionGroup section */
	};
	rootObject = BDD5EDA82834299A0007F52C /* Project object */;
}
